
Microsoft Visual Studio Solution File, Format Version 12.00
# Visual Studio Version 16
VisualStudioVersion = 16.0.28407.52
MinimumVisualStudioVersion = 10.0.40219.1
Project("{9A19103F-16F7-4668-BE54-9A1E7A4F7556}") = "QuickGraph", "QuickGraph\QuickGraph.csproj", "{A9A5C115-0680-44B3-A87E-5ECF4C93814E}"
EndProject
Project("{2150E333-8FDC-42A3-9474-1A3956D46DE8}") = "Solution Items", "Solution Items", "{6D81E7BA-91B1-473B-B9BB-4DECB1825F66}"
	ProjectSection(SolutionItems) = preProject
		PackageInfo.targets = PackageInfo.targets
	EndProjectSection
EndProject
Project("{9A19103F-16F7-4668-BE54-9A1E7A4F7556}") = "QuickGraph.Graphviz", "QuickGraph.Graphviz\QuickGraph.Graphviz.csproj", "{595D6322-637A-4A36-97F1-D53F3F9ECEA7}"
EndProject
Project("{9A19103F-16F7-4668-BE54-9A1E7A4F7556}") = "QuickGraph.Data", "QuickGraph.Data\QuickGraph.Data.csproj", "{960C14D1-EDBD-40E5-8AE6-25E311551B87}"
EndProject
Project("{9A19103F-16F7-4668-BE54-9A1E7A4F7556}") = "QuickGraph.Serialization", "QuickGraph.Serialization\QuickGraph.Serialization.csproj", "{2E0CBE12-F318-4542-90F3-3C4EAF311008}"
EndProject
Global
	GlobalSection(SolutionConfigurationPlatforms) = preSolution
		Debug|Any CPU = Debug|Any CPU
		Release|Any CPU = Release|Any CPU
		Release20|Any CPU = Release20|Any CPU
	EndGlobalSection
	GlobalSection(ProjectConfigurationPlatforms) = postSolution
		{A9A5C115-0680-44B3-A87E-5ECF4C93814E}.Debug|Any CPU.ActiveCfg = Debug|Any CPU
		{A9A5C115-0680-44B3-A87E-5ECF4C93814E}.Debug|Any CPU.Build.0 = Debug|Any CPU
		{A9A5C115-0680-44B3-A87E-5ECF4C93814E}.Release|Any CPU.ActiveCfg = Release|Any CPU
		{A9A5C115-0680-44B3-A87E-5ECF4C93814E}.Release|Any CPU.Build.0 = Release|Any CPU
		{A9A5C115-0680-44B3-A87E-5ECF4C93814E}.Release20|Any CPU.ActiveCfg = Release|Any CPU
		{A9A5C115-0680-44B3-A87E-5ECF4C93814E}.Release20|Any CPU.Build.0 = Release|Any CPU
		{595D6322-637A-4A36-97F1-D53F3F9ECEA7}.Debug|Any CPU.ActiveCfg = Debug|Any CPU
		{595D6322-637A-4A36-97F1-D53F3F9ECEA7}.Debug|Any CPU.Build.0 = Debug|Any CPU
		{595D6322-637A-4A36-97F1-D53F3F9ECEA7}.Release|Any CPU.ActiveCfg = Release|Any CPU
		{595D6322-637A-4A36-97F1-D53F3F9ECEA7}.Release|Any CPU.Build.0 = Release|Any CPU
		{595D6322-637A-4A36-97F1-D53F3F9ECEA7}.Release20|Any CPU.ActiveCfg = Release|Any CPU
		{595D6322-637A-4A36-97F1-D53F3F9ECEA7}.Release20|Any CPU.Build.0 = Release|Any CPU
		{960C14D1-EDBD-40E5-8AE6-25E311551B87}.Debug|Any CPU.ActiveCfg = Debug|Any CPU
		{960C14D1-EDBD-40E5-8AE6-25E311551B87}.Debug|Any CPU.Build.0 = Debug|Any CPU
		{960C14D1-EDBD-40E5-8AE6-25E311551B87}.Release|Any CPU.ActiveCfg = Release|Any CPU
		{960C14D1-EDBD-40E5-8AE6-25E311551B87}.Release|Any CPU.Build.0 = Release|Any CPU
		{960C14D1-EDBD-40E5-8AE6-25E311551B87}.Release20|Any CPU.ActiveCfg = Release|Any CPU
		{960C14D1-EDBD-40E5-8AE6-25E311551B87}.Release20|Any CPU.Build.0 = Release|Any CPU
		{2E0CBE12-F318-4542-90F3-3C4EAF311008}.Debug|Any CPU.ActiveCfg = Debug|Any CPU
		{2E0CBE12-F318-4542-90F3-3C4EAF311008}.Debug|Any CPU.Build.0 = Debug|Any CPU
		{2E0CBE12-F318-4542-90F3-3C4EAF311008}.Release|Any CPU.ActiveCfg = Release|Any CPU
		{2E0CBE12-F318-4542-90F3-3C4EAF311008}.Release|Any CPU.Build.0 = Release|Any CPU
		{2E0CBE12-F318-4542-90F3-3C4EAF311008}.Release20|Any CPU.ActiveCfg = Release|Any CPU
		{2E0CBE12-F318-4542-90F3-3C4EAF311008}.Release20|Any CPU.Build.0 = Release|Any CPU
	EndGlobalSection
	GlobalSection(SolutionProperties) = preSolution
		HideSolutionNode = FALSE
	EndGlobalSection
	GlobalSection(ExtensibilityGlobals) = postSolution
		SolutionGuid = {A04646E5-3F42-4098-8B87-78B0F212853B}
	EndGlobalSection
	GlobalSection(TestCaseManagementSettings) = postSolution
		CategoryFile = QuickGraph1.vsmdi
	EndGlobalSection
EndGlobal
